
Microsoft Visual Studio Solution File, Format Version 12.00
# Visual Studio Version 16
VisualStudioVersion = 16.0.31019.35
MinimumVisualStudioVersion = 10.0.40219.1
Project("{FAE04EC0-301F-11D3-BF4B-00C04F79EFBC}") = "CSClass", "CSClass\CSClass.csproj", "{CEFA6BD9-9B10-47AB-871F-D697B9DC617B}"
EndProject
Global
	GlobalSection(SolutionConfigurationPlatforms) = preSolution
		Debug|Any CPU = Debug|Any CPU
		Release|Any CPU = Release|Any CPU
	EndGlobalSection
	GlobalSection(ProjectConfigurationPlatforms) = postSolution
		{CEFA6BD9-9B10-47AB-871F-D697B9DC617B}.Debug|Any CPU.ActiveCfg = Debug|Any CPU
		{CEFA6BD9-9B10-47AB-871F-D697B9DC617B}.Debug|Any CPU.Build.0 = Debug|Any CPU
		{CEFA6BD9-9B10-47AB-871F-D697B9DC617B}.Release|Any CPU.ActiveCfg = Release|Any CPU
		{CEFA6BD9-9B10-47AB-871F-D697B9DC617B}.Release|Any CPU.Build.0 = Release|Any CPU
	EndGlobalSection
	GlobalSection(SolutionProperties) = preSolution
		HideSolutionNode = FALSE
	EndGlobalSection
	GlobalSection(ExtensibilityGlobals) = postSolution
		SolutionGuid = {0D3A4FEE-1C87-47C2-AC76-A12D57358A78}
	EndGlobalSection
EndGlobal
